
Microsoft Visual Studio Solution File, Format Version 12.00
# Visual Studio Version 17
VisualStudioVersion = 17.3.32825.248
MinimumVisualStudioVersion = 10.0.40219.1
Project("{FAE04EC0-301F-11D3-BF4B-00C04F79EFBC}") = "HWPlayer", "HWPlayer\HWPlayer.csproj", "{E9D5A546-178B-4CE2-BA07-9C51A8A56664}"
EndProject
Global
	GlobalSection(SolutionConfigurationPlatforms) = preSolution
		Debug|Any CPU = Debug|Any CPU
		Release|Any CPU = Release|Any CPU
	EndGlobalSection
	GlobalSection(ProjectConfigurationPlatforms) = postSolution
		{E9D5A546-178B-4CE2-BA07-9C51A8A56664}.Debug|Any CPU.ActiveCfg = Debug|Any CPU
		{E9D5A546-178B-4CE2-BA07-9C51A8A56664}.Debug|Any CPU.Build.0 = Debug|Any CPU
		{E9D5A546-178B-4CE2-BA07-9C51A8A56664}.Release|Any CPU.ActiveCfg = Release|Any CPU
		{E9D5A546-178B-4CE2-BA07-9C51A8A56664}.Release|Any CPU.Build.0 = Release|Any CPU
	EndGlobalSection
	GlobalSection(SolutionProperties) = preSolution
		HideSolutionNode = FALSE
	EndGlobalSection
	GlobalSection(ExtensibilityGlobals) = postSolution
		SolutionGuid = {53F999FC-BEB3-4DE9-BD30-24A9B837FDFF}
	EndGlobalSection
EndGlobal
